
Microsoft Visual Studio Solution File, Format Version 12.00
# Visual Studio Version 17
VisualStudioVersion = 17.0.31912.275
MinimumVisualStudioVersion = 10.0.40219.1
Project("{9A19103F-16F7-4668-BE54-9A1E7A4F7556}") = "HarborView Inn", "HarborView Inn.csproj", "{723E6755-2236-45C9-A436-EA0882C52279}"
EndProject
Global
	GlobalSection(SolutionConfigurationPlatforms) = preSolution
		Debug|Any CPU = Debug|Any CPU
		Release|Any CPU = Release|Any CPU
	EndGlobalSection
	GlobalSection(ProjectConfigurationPlatforms) = postSolution
		{723E6755-2236-45C9-A436-EA0882C52279}.Debug|Any CPU.ActiveCfg = Debug|Any CPU
		{723E6755-2236-45C9-A436-EA0882C52279}.Debug|Any CPU.Build.0 = Debug|Any CPU
		{723E6755-2236-45C9-A436-EA0882C52279}.Release|Any CPU.ActiveCfg = Release|Any CPU
		{723E6755-2236-45C9-A436-EA0882C52279}.Release|Any CPU.Build.0 = Release|Any CPU
	EndGlobalSection
	GlobalSection(SolutionProperties) = preSolution
		HideSolutionNode = FALSE
	EndGlobalSection
	GlobalSection(ExtensibilityGlobals) = postSolution
		SolutionGuid = {78629090-B2FF-4002-AED1-875BF8D97757}
	EndGlobalSection
EndGlobal
